// !$*UTF8*$!
{
	archiveVersion = 1;
	classes = {
	};
	objectVersion = 51;
	objects = {

/* Begin PBXBuildFile section */
		0113187922DCE12E0049A887 /* SaveWebsiteTableViewController.swift in Sources */ = {isa = PBXBuildFile; fileRef = 0113187822DCE12E0049A887 /* SaveWebsiteTableViewController.swift */; };
		0113187B22DCEC110049A887 /* DetailWebsiteTableViewController.swift in Sources */ = {isa = PBXBuildFile; fileRef = 0113187A22DCEC110049A887 /* DetailWebsiteTableViewController.swift */; };
		0113187F22DD434F0049A887 /* HeaderEmailTableViewCell.swift in Sources */ = {isa = PBXBuildFile; fileRef = 0113187E22DD434F0049A887 /* HeaderEmailTableViewCell.swift */; };
		01143A8822D11E180022AA79 /* UIView.swift in Sources */ = {isa = PBXBuildFile; fileRef = 01143A8722D11E180022AA79 /* UIView.swift */; };
		011528012353A6A300E8A33B /* BrowserTableViewController.swift in Sources */ = {isa = PBXBuildFile; fileRef = 011528002353A6A300E8A33B /* BrowserTableViewController.swift */; };
		011528032354CC6200E8A33B /* ProgressBar.swift in Sources */ = {isa = PBXBuildFile; fileRef = 011528022354CC6200E8A33B /* ProgressBar.swift */; };
		011528182360CE6900E8A33B /* AutoLockTableViewController.swift in Sources */ = {isa = PBXBuildFile; fileRef = 011528172360CE6900E8A33B /* AutoLockTableViewController.swift */; };
		0115281A2365F3BF00E8A33B /* UInt.swift in Sources */ = {isa = PBXBuildFile; fileRef = 011528192365F3BF00E8A33B /* UInt.swift */; };
		01182EA122D20B57001B9953 /* Array.swift in Sources */ = {isa = PBXBuildFile; fileRef = 01182EA022D20B57001B9953 /* Array.swift */; };
		01182EA322D25C5B001B9953 /* XMLParser.swift in Sources */ = {isa = PBXBuildFile; fileRef = 01182EA222D25C5B001B9953 /* XMLParser.swift */; };
		01182EA722D2D41B001B9953 /* WebsitesViewController.swift in Sources */ = {isa = PBXBuildFile; fileRef = 01182EA622D2D41B001B9953 /* WebsitesViewController.swift */; };
		01182EA922D2D467001B9953 /* ScanViewController.swift in Sources */ = {isa = PBXBuildFile; fileRef = 01182EA822D2D467001B9953 /* ScanViewController.swift */; };
		0119784022DA3EF5003BE37D /* SettingsTableViewCell.swift in Sources */ = {isa = PBXBuildFile; fileRef = 0119783F22DA3EF5003BE37D /* SettingsTableViewCell.swift */; };
		0119784222DA635D003BE37D /* DeleteAllViewController.swift in Sources */ = {isa = PBXBuildFile; fileRef = 0119784122DA635D003BE37D /* DeleteAllViewController.swift */; };
		0119784422DA9EC2003BE37D /* HeaderSettingTableViewCell.swift in Sources */ = {isa = PBXBuildFile; fileRef = 0119784322DA9EC2003BE37D /* HeaderSettingTableViewCell.swift */; };
		012C0253235267EE00CA22C8 /* ImpactFeedbackGenerator.swift in Sources */ = {isa = PBXBuildFile; fileRef = 012C0252235267EE00CA22C8 /* ImpactFeedbackGenerator.swift */; };
		0138B0F1234893F70013A075 /* HeaderScanTableViewCell.swift in Sources */ = {isa = PBXBuildFile; fileRef = 0138B0F0234893F70013A075 /* HeaderScanTableViewCell.swift */; };
		0138B0F3234895940013A075 /* LowSecureTableViewCell.swift in Sources */ = {isa = PBXBuildFile; fileRef = 0138B0F2234895940013A075 /* LowSecureTableViewCell.swift */; };
		013A0D452370AB6D000347F2 /* BiometricLoginViewController.swift in Sources */ = {isa = PBXBuildFile; fileRef = 013A0D442370AB6D000347F2 /* BiometricLoginViewController.swift */; };
		0143C9F623676A4C0082A181 /* GeneratorViewController.swift in Sources */ = {isa = PBXBuildFile; fileRef = 0143C9F523676A4C0082A181 /* GeneratorViewController.swift */; };
		0143C9F923676A9A0082A181 /* HeaderGeneratorTableViewCell.swift in Sources */ = {isa = PBXBuildFile; fileRef = 0143C9F823676A9A0082A181 /* HeaderGeneratorTableViewCell.swift */; };
		0143C9FB23676AAC0082A181 /* SliderGeneratorTableViewCell.swift in Sources */ = {isa = PBXBuildFile; fileRef = 0143C9FA23676AAC0082A181 /* SliderGeneratorTableViewCell.swift */; };
		0143C9FD23676ABD0082A181 /* CharactersGeneratorTableViewCell.swift in Sources */ = {isa = PBXBuildFile; fileRef = 0143C9FC23676ABD0082A181 /* CharactersGeneratorTableViewCell.swift */; };
		014F5B0E22C9A66A00F03EA3 /* NewsTableViewCell.swift in Sources */ = {isa = PBXBuildFile; fileRef = 014F5B0D22C9A66A00F03EA3 /* NewsTableViewCell.swift */; };
		014F5B1022CAB7E000F03EA3 /* EmailTableViewCell.swift in Sources */ = {isa = PBXBuildFile; fileRef = 014F5B0F22CAB7E000F03EA3 /* EmailTableViewCell.swift */; };
		014F5B1222CAC20200F03EA3 /* Alerts.swift in Sources */ = {isa = PBXBuildFile; fileRef = 014F5B1122CAC20200F03EA3 /* Alerts.swift */; };
		014F5B1422CC019100F03EA3 /* RangeModel.swift in Sources */ = {isa = PBXBuildFile; fileRef = 014F5B1322CC019100F03EA3 /* RangeModel.swift */; };
		014F5B1622CC2AAA00F03EA3 /* NumberFormatter.swift in Sources */ = {isa = PBXBuildFile; fileRef = 014F5B1522CC2AAA00F03EA3 /* NumberFormatter.swift */; };
		01515C1822DE90C200811E7F /* TextView.swift in Sources */ = {isa = PBXBuildFile; fileRef = 01515C1722DE90C200811E7F /* TextView.swift */; };
		01515C1A22DF855300811E7F /* LoginViewController.swift in Sources */ = {isa = PBXBuildFile; fileRef = 01515C1922DF855300811E7F /* LoginViewController.swift */; };
		01515C2422E0BB6400811E7F /* Encryption.swift in Sources */ = {isa = PBXBuildFile; fileRef = 01515C2322E0BB6400811E7F /* Encryption.swift */; };
		0158B65D22C2293F00BE425E /* AppDelegate.swift in Sources */ = {isa = PBXBuildFile; fileRef = 0158B65C22C2293F00BE425E /* AppDelegate.swift */; };
		0158B66222C2293F00BE425E /* Main.storyboard in Resources */ = {isa = PBXBuildFile; fileRef = 0158B66022C2293F00BE425E /* Main.storyboard */; };
		0158B66422C2293F00BE425E /* Assets.xcassets in Resources */ = {isa = PBXBuildFile; fileRef = 0158B66322C2293F00BE425E /* Assets.xcassets */; };
		0158B68022C26C6100BE425E /* gemunu-libre.medium.otf in Resources */ = {isa = PBXBuildFile; fileRef = 0158B67E22C26C6100BE425E /* gemunu-libre.medium.otf */; };
		0158B68122C26C6100BE425E /* gemunu-libre.semibold.otf in Resources */ = {isa = PBXBuildFile; fileRef = 0158B67F22C26C6100BE425E /* gemunu-libre.semibold.otf */; };
		0177D24722E76037001D9DFD /* LaunchScreen.storyboard in Resources */ = {isa = PBXBuildFile; fileRef = 0177D24622E76037001D9DFD /* LaunchScreen.storyboard */; };
		019F6DCA22C6DD6800A05C68 /* WebsiteTableViewCell.swift in Sources */ = {isa = PBXBuildFile; fileRef = 019F6DC922C6DD6800A05C68 /* WebsiteTableViewCell.swift */; };
		019F6DCC22C6EE2900A05C68 /* String.swift in Sources */ = {isa = PBXBuildFile; fileRef = 019F6DCB22C6EE2900A05C68 /* String.swift */; };
		019F6DCE22C718F900A05C68 /* NewsViewController.swift in Sources */ = {isa = PBXBuildFile; fileRef = 019F6DCD22C718F900A05C68 /* NewsViewController.swift */; };
		01CCFEF722C94F48005509E4 /* PasswordService.swift in Sources */ = {isa = PBXBuildFile; fileRef = 01CCFEF622C94F48005509E4 /* PasswordService.swift */; };
		01CCFF0222C95A40005509E4 /* EmailService.swift in Sources */ = {isa = PBXBuildFile; fileRef = 01CCFF0122C95A40005509E4 /* EmailService.swift */; };
		01CCFF0422C95B5E005509E4 /* EmailBreachModel.swift in Sources */ = {isa = PBXBuildFile; fileRef = 01CCFF0322C95B5E005509E4 /* EmailBreachModel.swift */; };
		01E69C6922D409BD00D48542 /* WebsiteObject.swift in Sources */ = {isa = PBXBuildFile; fileRef = 01E69C6822D409BD00D48542 /* WebsiteObject.swift */; };
		01F0D97822CEC67E005339AC /* Date.swift in Sources */ = {isa = PBXBuildFile; fileRef = 01F0D97722CEC67E005339AC /* Date.swift */; };
		01F0D97E22D0B0C9005339AC /* ActivityIndicator.swift in Sources */ = {isa = PBXBuildFile; fileRef = 01F0D97D22D0B0C9005339AC /* ActivityIndicator.swift */; };
		01F1CE06236D74EC005AAA45 /* BiometricSettingsViewController.swift in Sources */ = {isa = PBXBuildFile; fileRef = 01F1CE05236D74EC005AAA45 /* BiometricSettingsViewController.swift */; };
		01F1CE08236D7528005AAA45 /* BiometricTableViewCell.swift in Sources */ = {isa = PBXBuildFile; fileRef = 01F1CE07236D7528005AAA45 /* BiometricTableViewCell.swift */; };
		01F1CE0A236DCCAE005AAA45 /* ChangeMasterKeyTableViewController.swift in Sources */ = {isa = PBXBuildFile; fileRef = 01F1CE09236DCCAE005AAA45 /* ChangeMasterKeyTableViewController.swift */; };
		01FE216122C2E54F00BEA529 /* LockerViewController.swift in Sources */ = {isa = PBXBuildFile; fileRef = 01FE216022C2E54F00BEA529 /* LockerViewController.swift */; };
		01FE216522C2E57F00BEA529 /* SettingsViewController.swift in Sources */ = {isa = PBXBuildFile; fileRef = 01FE216422C2E57F00BEA529 /* SettingsViewController.swift */; };
		01FE216922C46D1400BEA529 /* PasswordViewController.swift in Sources */ = {isa = PBXBuildFile; fileRef = 01FE216822C46D1400BEA529 /* PasswordViewController.swift */; };
		01FE216B22C46D2500BEA529 /* EmailViewController.swift in Sources */ = {isa = PBXBuildFile; fileRef = 01FE216A22C46D2500BEA529 /* EmailViewController.swift */; };
		01FE216D22C470DE00BEA529 /* BreachesViewController.swift in Sources */ = {isa = PBXBuildFile; fileRef = 01FE216C22C470DE00BEA529 /* BreachesViewController.swift */; };
		01FE217022C4824500BEA529 /* TextField.swift in Sources */ = {isa = PBXBuildFile; fileRef = 01FE216F22C4824500BEA529 /* TextField.swift */; };
		98B9E5C38237E87521C71D82 /* Pods_PwLocker.framework in Frameworks */ = {isa = PBXBuildFile; fileRef = C3991C8A2AA16FCC62659431 /* Pods_PwLocker.framework */; };
/* End PBXBuildFile section */

/* Begin PBXFileReference section */
		0113187822DCE12E0049A887 /* SaveWebsiteTableViewController.swift */ = {isa = PBXFileReference; lastKnownFileType = sourcecode.swift; path = SaveWebsiteTableViewController.swift; sourceTree = "<group>"; };
		0113187A22DCEC110049A887 /* DetailWebsiteTableViewController.swift */ = {isa = PBXFileReference; lastKnownFileType = sourcecode.swift; path = DetailWebsiteTableViewController.swift; sourceTree = "<group>"; };
		0113187E22DD434F0049A887 /* HeaderEmailTableViewCell.swift */ = {isa = PBXFileReference; lastKnownFileType = sourcecode.swift; path = HeaderEmailTableViewCell.swift; sourceTree = "<group>"; };
		01143A8722D11E180022AA79 /* UIView.swift */ = {isa = PBXFileReference; lastKnownFileType = sourcecode.swift; path = UIView.swift; sourceTree = "<group>"; };
		01143A8922D13AF50022AA79 /* CheckMarkHeader.h */ = {isa = PBXFileReference; lastKnownFileType = sourcecode.c.h; path = CheckMarkHeader.h; sourceTree = "<group>"; };
		011528002353A6A300E8A33B /* BrowserTableViewController.swift */ = {isa = PBXFileReference; lastKnownFileType = sourcecode.swift; path = BrowserTableViewController.swift; sourceTree = "<group>"; };
		011528022354CC6200E8A33B /* ProgressBar.swift */ = {isa = PBXFileReference; lastKnownFileType = sourcecode.swift; path = ProgressBar.swift; sourceTree = "<group>"; };
		011528172360CE6900E8A33B /* AutoLockTableViewController.swift */ = {isa = PBXFileReference; lastKnownFileType = sourcecode.swift; path = AutoLockTableViewController.swift; sourceTree = "<group>"; };
		011528192365F3BF00E8A33B /* UInt.swift */ = {isa = PBXFileReference; lastKnownFileType = sourcecode.swift; path = UInt.swift; sourceTree = "<group>"; };
		01182EA022D20B57001B9953 /* Array.swift */ = {isa = PBXFileReference; lastKnownFileType = sourcecode.swift; path = Array.swift; sourceTree = "<group>"; };
		01182EA222D25C5B001B9953 /* XMLParser.swift */ = {isa = PBXFileReference; lastKnownFileType = sourcecode.swift; path = XMLParser.swift; sourceTree = "<group>"; };
		01182EA622D2D41B001B9953 /* WebsitesViewController.swift */ = {isa = PBXFileReference; lastKnownFileType = sourcecode.swift; path = WebsitesViewController.swift; sourceTree = "<group>"; };
		01182EA822D2D467001B9953 /* ScanViewController.swift */ = {isa = PBXFileReference; lastKnownFileType = sourcecode.swift; path = ScanViewController.swift; sourceTree = "<group>"; };
		0119783F22DA3EF5003BE37D /* SettingsTableViewCell.swift */ = {isa = PBXFileReference; lastKnownFileType = sourcecode.swift; path = SettingsTableViewCell.swift; sourceTree = "<group>"; };
		0119784122DA635D003BE37D /* DeleteAllViewController.swift */ = {isa = PBXFileReference; lastKnownFileType = sourcecode.swift; path = DeleteAllViewController.swift; sourceTree = "<group>"; };
		0119784322DA9EC2003BE37D /* HeaderSettingTableViewCell.swift */ = {isa = PBXFileReference; lastKnownFileType = sourcecode.swift; path = HeaderSettingTableViewCell.swift; sourceTree = "<group>"; };
		012C0252235267EE00CA22C8 /* ImpactFeedbackGenerator.swift */ = {isa = PBXFileReference; lastKnownFileType = sourcecode.swift; path = ImpactFeedbackGenerator.swift; sourceTree = "<group>"; };
		0138B0F0234893F70013A075 /* HeaderScanTableViewCell.swift */ = {isa = PBXFileReference; lastKnownFileType = sourcecode.swift; path = HeaderScanTableViewCell.swift; sourceTree = "<group>"; };
		0138B0F2234895940013A075 /* LowSecureTableViewCell.swift */ = {isa = PBXFileReference; lastKnownFileType = sourcecode.swift; path = LowSecureTableViewCell.swift; sourceTree = "<group>"; };
		013A0D4323709746000347F2 /* PwLocker.entitlements */ = {isa = PBXFileReference; lastKnownFileType = text.plist.entitlements; path = PwLocker.entitlements; sourceTree = "<group>"; };
		013A0D442370AB6D000347F2 /* BiometricLoginViewController.swift */ = {isa = PBXFileReference; lastKnownFileType = sourcecode.swift; path = BiometricLoginViewController.swift; sourceTree = "<group>"; };
		0143C9F523676A4C0082A181 /* GeneratorViewController.swift */ = {isa = PBXFileReference; lastKnownFileType = sourcecode.swift; path = GeneratorViewController.swift; sourceTree = "<group>"; };
		0143C9F823676A9A0082A181 /* HeaderGeneratorTableViewCell.swift */ = {isa = PBXFileReference; lastKnownFileType = sourcecode.swift; path = HeaderGeneratorTableViewCell.swift; sourceTree = "<group>"; };
		0143C9FA23676AAC0082A181 /* SliderGeneratorTableViewCell.swift */ = {isa = PBXFileReference; lastKnownFileType = sourcecode.swift; path = SliderGeneratorTableViewCell.swift; sourceTree = "<group>"; };
		0143C9FC23676ABD0082A181 /* CharactersGeneratorTableViewCell.swift */ = {isa = PBXFileReference; lastKnownFileType = sourcecode.swift; path = CharactersGeneratorTableViewCell.swift; sourceTree = "<group>"; };
		014F5B0D22C9A66A00F03EA3 /* NewsTableViewCell.swift */ = {isa = PBXFileReference; lastKnownFileType = sourcecode.swift; path = NewsTableViewCell.swift; sourceTree = "<group>"; };
		014F5B0F22CAB7E000F03EA3 /* EmailTableViewCell.swift */ = {isa = PBXFileReference; lastKnownFileType = sourcecode.swift; path = EmailTableViewCell.swift; sourceTree = "<group>"; };
		014F5B1122CAC20200F03EA3 /* Alerts.swift */ = {isa = PBXFileReference; lastKnownFileType = sourcecode.swift; path = Alerts.swift; sourceTree = "<group>"; };
		014F5B1322CC019100F03EA3 /* RangeModel.swift */ = {isa = PBXFileReference; lastKnownFileType = sourcecode.swift; path = RangeModel.swift; sourceTree = "<group>"; };
		014F5B1522CC2AAA00F03EA3 /* NumberFormatter.swift */ = {isa = PBXFileReference; lastKnownFileType = sourcecode.swift; path = NumberFormatter.swift; sourceTree = "<group>"; };
		01515C1722DE90C200811E7F /* TextView.swift */ = {isa = PBXFileReference; lastKnownFileType = sourcecode.swift; path = TextView.swift; sourceTree = "<group>"; };
		01515C1922DF855300811E7F /* LoginViewController.swift */ = {isa = PBXFileReference; lastKnownFileType = sourcecode.swift; path = LoginViewController.swift; sourceTree = "<group>"; };
		01515C2322E0BB6400811E7F /* Encryption.swift */ = {isa = PBXFileReference; lastKnownFileType = sourcecode.swift; path = Encryption.swift; sourceTree = "<group>"; };
		0158B65922C2293F00BE425E /* PwLocker.app */ = {isa = PBXFileReference; explicitFileType = wrapper.application; includeInIndex = 0; path = PwLocker.app; sourceTree = BUILT_PRODUCTS_DIR; };
		0158B65C22C2293F00BE425E /* AppDelegate.swift */ = {isa = PBXFileReference; lastKnownFileType = sourcecode.swift; path = AppDelegate.swift; sourceTree = "<group>"; };
		0158B66122C2293F00BE425E /* Base */ = {isa = PBXFileReference; lastKnownFileType = file.storyboard; name = Base; path = Base.lproj/Main.storyboard; sourceTree = "<group>"; };
		0158B66322C2293F00BE425E /* Assets.xcassets */ = {isa = PBXFileReference; lastKnownFileType = folder.assetcatalog; path = Assets.xcassets; sourceTree = "<group>"; };
		0158B66822C2293F00BE425E /* Info.plist */ = {isa = PBXFileReference; lastKnownFileType = text.plist.xml; path = Info.plist; sourceTree = "<group>"; };
		0158B67E22C26C6100BE425E /* gemunu-libre.medium.otf */ = {isa = PBXFileReference; lastKnownFileType = file; path = "gemunu-libre.medium.otf"; sourceTree = "<group>"; };
		0158B67F22C26C6100BE425E /* gemunu-libre.semibold.otf */ = {isa = PBXFileReference; lastKnownFileType = file; path = "gemunu-libre.semibold.otf"; sourceTree = "<group>"; };
		0177D24622E76037001D9DFD /* LaunchScreen.storyboard */ = {isa = PBXFileReference; lastKnownFileType = file.storyboard; path = LaunchScreen.storyboard; sourceTree = "<group>"; };
		019F6DC922C6DD6800A05C68 /* WebsiteTableViewCell.swift */ = {isa = PBXFileReference; lastKnownFileType = sourcecode.swift; path = WebsiteTableViewCell.swift; sourceTree = "<group>"; };
		019F6DCB22C6EE2900A05C68 /* String.swift */ = {isa = PBXFileReference; lastKnownFileType = sourcecode.swift; path = String.swift; sourceTree = "<group>"; };
		019F6DCD22C718F900A05C68 /* NewsViewController.swift */ = {isa = PBXFileReference; lastKnownFileType = sourcecode.swift; path = NewsViewController.swift; sourceTree = "<group>"; };
		01CCFEF622C94F48005509E4 /* PasswordService.swift */ = {isa = PBXFileReference; lastKnownFileType = sourcecode.swift; path = PasswordService.swift; sourceTree = "<group>"; };
		01CCFF0122C95A40005509E4 /* EmailService.swift */ = {isa = PBXFileReference; lastKnownFileType = sourcecode.swift; path = EmailService.swift; sourceTree = "<group>"; };
		01CCFF0322C95B5E005509E4 /* EmailBreachModel.swift */ = {isa = PBXFileReference; lastKnownFileType = sourcecode.swift; path = EmailBreachModel.swift; sourceTree = "<group>"; };
		01E69C6822D409BD00D48542 /* WebsiteObject.swift */ = {isa = PBXFileReference; lastKnownFileType = sourcecode.swift; path = WebsiteObject.swift; sourceTree = "<group>"; };
		01F0D97722CEC67E005339AC /* Date.swift */ = {isa = PBXFileReference; lastKnownFileType = sourcecode.swift; path = Date.swift; sourceTree = "<group>"; };
		01F0D97D22D0B0C9005339AC /* ActivityIndicator.swift */ = {isa = PBXFileReference; lastKnownFileType = sourcecode.swift; path = ActivityIndicator.swift; sourceTree = "<group>"; };
		01F1CE05236D74EC005AAA45 /* BiometricSettingsViewController.swift */ = {isa = PBXFileReference; lastKnownFileType = sourcecode.swift; path = BiometricSettingsViewController.swift; sourceTree = "<group>"; };
		01F1CE07236D7528005AAA45 /* BiometricTableViewCell.swift */ = {isa = PBXFileReference; lastKnownFileType = sourcecode.swift; path = BiometricTableViewCell.swift; sourceTree = "<group>"; };
		01F1CE09236DCCAE005AAA45 /* ChangeMasterKeyTableViewController.swift */ = {isa = PBXFileReference; lastKnownFileType = sourcecode.swift; path = ChangeMasterKeyTableViewController.swift; sourceTree = "<group>"; };
		01FE216022C2E54F00BEA529 /* LockerViewController.swift */ = {isa = PBXFileReference; lastKnownFileType = sourcecode.swift; path = LockerViewController.swift; sourceTree = "<group>"; };
		01FE216422C2E57F00BEA529 /* SettingsViewController.swift */ = {isa = PBXFileReference; lastKnownFileType = sourcecode.swift; path = SettingsViewController.swift; sourceTree = "<group>"; };
		01FE216822C46D1400BEA529 /* PasswordViewController.swift */ = {isa = PBXFileReference; lastKnownFileType = sourcecode.swift; path = PasswordViewController.swift; sourceTree = "<group>"; };
		01FE216A22C46D2500BEA529 /* EmailViewController.swift */ = {isa = PBXFileReference; lastKnownFileType = sourcecode.swift; path = EmailViewController.swift; sourceTree = "<group>"; };
		01FE216C22C470DE00BEA529 /* BreachesViewController.swift */ = {isa = PBXFileReference; lastKnownFileType = sourcecode.swift; path = BreachesViewController.swift; sourceTree = "<group>"; };
		01FE216F22C4824500BEA529 /* TextField.swift */ = {isa = PBXFileReference; lastKnownFileType = sourcecode.swift; path = TextField.swift; sourceTree = "<group>"; };
		77073376C7AA5A2F53B4A3F1 /* Pods-PwLocker.debug.xcconfig */ = {isa = PBXFileReference; includeInIndex = 1; lastKnownFileType = text.xcconfig; name = "Pods-PwLocker.debug.xcconfig"; path = "Target Support Files/Pods-PwLocker/Pods-PwLocker.debug.xcconfig"; sourceTree = "<group>"; };
		BE181B79CE1F396C7A2F8F76 /* Pods-PwLocker.release.xcconfig */ = {isa = PBXFileReference; includeInIndex = 1; lastKnownFileType = text.xcconfig; name = "Pods-PwLocker.release.xcconfig"; path = "Target Support Files/Pods-PwLocker/Pods-PwLocker.release.xcconfig"; sourceTree = "<group>"; };
		C3991C8A2AA16FCC62659431 /* Pods_PwLocker.framework */ = {isa = PBXFileReference; explicitFileType = wrapper.framework; includeInIndex = 0; path = Pods_PwLocker.framework; sourceTree = BUILT_PRODUCTS_DIR; };
/* End PBXFileReference section */

/* Begin PBXFrameworksBuildPhase section */
		0158B65622C2293F00BE425E /* Frameworks */ = {
			isa = PBXFrameworksBuildPhase;
			buildActionMask = 2147483647;
			files = (
				98B9E5C38237E87521C71D82 /* Pods_PwLocker.framework in Frameworks */,
			);
			runOnlyForDeploymentPostprocessing = 0;
		};
/* End PBXFrameworksBuildPhase section */

/* Begin PBXGroup section */
		0115280423563C1B00E8A33B /* Storyboards */ = {
			isa = PBXGroup;
			children = (
				0158B66022C2293F00BE425E /* Main.storyboard */,
				0177D24622E76037001D9DFD /* LaunchScreen.storyboard */,
			);
			path = Storyboards;
			sourceTree = "<group>";
		};
		01182F0E22D40880001B9953 /* RealmObjects */ = {
			isa = PBXGroup;
			children = (
				01515C2322E0BB6400811E7F /* Encryption.swift */,
				01E69C6822D409BD00D48542 /* WebsiteObject.swift */,
			);
			path = RealmObjects;
			sourceTree = "<group>";
		};
		012C02542352689400CA22C8 /* Locker Tab */ = {
			isa = PBXGroup;
			children = (
				01FE216022C2E54F00BEA529 /* LockerViewController.swift */,
				01182EA622D2D41B001B9953 /* WebsitesViewController.swift */,
				0113187A22DCEC110049A887 /* DetailWebsiteTableViewController.swift */,
				0113187822DCE12E0049A887 /* SaveWebsiteTableViewController.swift */,
				01182EA822D2D467001B9953 /* ScanViewController.swift */,
			);
			path = "Locker Tab";
			sourceTree = "<group>";
		};
		012C0255235268BC00CA22C8 /* Login Page */ = {
			isa = PBXGroup;
			children = (
				01515C1922DF855300811E7F /* LoginViewController.swift */,
				013A0D442370AB6D000347F2 /* BiometricLoginViewController.swift */,
			);
			path = "Login Page";
			sourceTree = "<group>";
		};
		012C0256235268CC00CA22C8 /* Breaches Tab */ = {
			isa = PBXGroup;
			children = (
				01FE216C22C470DE00BEA529 /* BreachesViewController.swift */,
				01FE216822C46D1400BEA529 /* PasswordViewController.swift */,
				01FE216A22C46D2500BEA529 /* EmailViewController.swift */,
			);
			path = "Breaches Tab";
			sourceTree = "<group>";
		};
		012C0257235268E800CA22C8 /* Generator Tab */ = {
			isa = PBXGroup;
			children = (
				0143C9F523676A4C0082A181 /* GeneratorViewController.swift */,
			);
			path = "Generator Tab";
			sourceTree = "<group>";
		};
		012C0258235268F600CA22C8 /* News Tab */ = {
			isa = PBXGroup;
			children = (
				019F6DCD22C718F900A05C68 /* NewsViewController.swift */,
			);
			path = "News Tab";
			sourceTree = "<group>";
		};
		012C02592352691400CA22C8 /* Settings Tab */ = {
			isa = PBXGroup;
			children = (
				01FE216422C2E57F00BEA529 /* SettingsViewController.swift */,
				01F1CE09236DCCAE005AAA45 /* ChangeMasterKeyTableViewController.swift */,
				01F1CE05236D74EC005AAA45 /* BiometricSettingsViewController.swift */,
				0119784122DA635D003BE37D /* DeleteAllViewController.swift */,
				011528002353A6A300E8A33B /* BrowserTableViewController.swift */,
				011528172360CE6900E8A33B /* AutoLockTableViewController.swift */,
			);
			path = "Settings Tab";
			sourceTree = "<group>";
		};
		012C025A2352697900CA22C8 /* Locker Tab */ = {
			isa = PBXGroup;
			children = (
				019F6DC922C6DD6800A05C68 /* WebsiteTableViewCell.swift */,
				0138B0F0234893F70013A075 /* HeaderScanTableViewCell.swift */,
				0138B0F2234895940013A075 /* LowSecureTableViewCell.swift */,
			);
			path = "Locker Tab";
			sourceTree = "<group>";
		};
		012C025B235269A800CA22C8 /* Breaches Tab */ = {
			isa = PBXGroup;
			children = (
				0113187E22DD434F0049A887 /* HeaderEmailTableViewCell.swift */,
				014F5B0F22CAB7E000F03EA3 /* EmailTableViewCell.swift */,
			);
			path = "Breaches Tab";
			sourceTree = "<group>";
		};
		012C025C235269C300CA22C8 /* News Tab */ = {
			isa = PBXGroup;
			children = (
				014F5B0D22C9A66A00F03EA3 /* NewsTableViewCell.swift */,
			);
			path = "News Tab";
			sourceTree = "<group>";
		};
		012C025D235269ED00CA22C8 /* Settings Tab */ = {
			isa = PBXGroup;
			children = (
				0119784322DA9EC2003BE37D /* HeaderSettingTableViewCell.swift */,
				0119783F22DA3EF5003BE37D /* SettingsTableViewCell.swift */,
				01F1CE07236D7528005AAA45 /* BiometricTableViewCell.swift */,
			);
			path = "Settings Tab";
			sourceTree = "<group>";
		};
		0143C9F723676A750082A181 /* Generator */ = {
			isa = PBXGroup;
			children = (
				0143C9F823676A9A0082A181 /* HeaderGeneratorTableViewCell.swift */,
				0143C9FA23676AAC0082A181 /* SliderGeneratorTableViewCell.swift */,
				0143C9FC23676ABD0082A181 /* CharactersGeneratorTableViewCell.swift */,
			);
			path = Generator;
			sourceTree = "<group>";
		};
		0158B65022C2293F00BE425E = {
			isa = PBXGroup;
			children = (
				0158B65B22C2293F00BE425E /* PwLocker */,
				0158B65A22C2293F00BE425E /* Products */,
				01143A8922D13AF50022AA79 /* CheckMarkHeader.h */,
				06BA759EAB856D76D1CE9449 /* Pods */,
				0317DAA746152842C4FF4031 /* Frameworks */,
			);
			sourceTree = "<group>";
		};
		0158B65A22C2293F00BE425E /* Products */ = {
			isa = PBXGroup;
			children = (
				0158B65922C2293F00BE425E /* PwLocker.app */,
			);
			name = Products;
			sourceTree = "<group>";
		};
		0158B65B22C2293F00BE425E /* PwLocker */ = {
			isa = PBXGroup;
			children = (
				013A0D4323709746000347F2 /* PwLocker.entitlements */,
				0158B67022C22ADC00BE425E /* Model */,
				0158B66F22C22AD600BE425E /* View */,
				0158B66E22C22ACB00BE425E /* Controller */,
				01FE216E22C4822A00BEA529 /* Extensions */,
				0158B67122C22B1800BE425E /* Supporting Files */,
			);
			path = PwLocker;
			sourceTree = "<group>";
		};
		0158B66E22C22ACB00BE425E /* Controller */ = {
			isa = PBXGroup;
			children = (
				012C0255235268BC00CA22C8 /* Login Page */,
				012C02542352689400CA22C8 /* Locker Tab */,
				012C0256235268CC00CA22C8 /* Breaches Tab */,
				012C0257235268E800CA22C8 /* Generator Tab */,
				012C0258235268F600CA22C8 /* News Tab */,
				012C02592352691400CA22C8 /* Settings Tab */,
			);
			path = Controller;
			sourceTree = "<group>";
		};
		0158B66F22C22AD600BE425E /* View */ = {
			isa = PBXGroup;
			children = (
				0115280423563C1B00E8A33B /* Storyboards */,
				012C025A2352697900CA22C8 /* Locker Tab */,
				012C025B235269A800CA22C8 /* Breaches Tab */,
				0143C9F723676A750082A181 /* Generator */,
				012C025C235269C300CA22C8 /* News Tab */,
				012C025D235269ED00CA22C8 /* Settings Tab */,
			);
			path = View;
			sourceTree = "<group>";
		};
		0158B67022C22ADC00BE425E /* Model */ = {
			isa = PBXGroup;
			children = (
				01182F0E22D40880001B9953 /* RealmObjects */,
				0158B67D22C24C8F00BE425E /* Networking */,
			);
			path = Model;
			sourceTree = "<group>";
		};
		0158B67122C22B1800BE425E /* Supporting Files */ = {
			isa = PBXGroup;
			children = (
				0158B66822C2293F00BE425E /* Info.plist */,
				0158B66322C2293F00BE425E /* Assets.xcassets */,
				0158B65C22C2293F00BE425E /* AppDelegate.swift */,
				0158B67E22C26C6100BE425E /* gemunu-libre.medium.otf */,
				0158B67F22C26C6100BE425E /* gemunu-libre.semibold.otf */,
			);
			path = "Supporting Files";
			sourceTree = "<group>";
		};
		0158B67D22C24C8F00BE425E /* Networking */ = {
			isa = PBXGroup;
			children = (
				01CCFEFE22C95627005509E4 /* Passwords Breaches */,
				01CCFEFF22C95632005509E4 /* Emails Breaches */,
				01CCFF0022C9563B005509E4 /* News RSS */,
			);
			path = Networking;
			sourceTree = "<group>";
		};
		01CCFEFE22C95627005509E4 /* Passwords Breaches */ = {
			isa = PBXGroup;
			children = (
				01CCFEF622C94F48005509E4 /* PasswordService.swift */,
				014F5B1322CC019100F03EA3 /* RangeModel.swift */,
			);
			path = "Passwords Breaches";
			sourceTree = "<group>";
		};
		01CCFEFF22C95632005509E4 /* Emails Breaches */ = {
			isa = PBXGroup;
			children = (
				01CCFF0122C95A40005509E4 /* EmailService.swift */,
				01CCFF0322C95B5E005509E4 /* EmailBreachModel.swift */,
			);
			path = "Emails Breaches";
			sourceTree = "<group>";
		};
		01CCFF0022C9563B005509E4 /* News RSS */ = {
			isa = PBXGroup;
			children = (
				01182EA222D25C5B001B9953 /* XMLParser.swift */,
			);
			path = "News RSS";
			sourceTree = "<group>";
		};
		01FE216E22C4822A00BEA529 /* Extensions */ = {
			isa = PBXGroup;
			children = (
				01FE216F22C4824500BEA529 /* TextField.swift */,
				019F6DCB22C6EE2900A05C68 /* String.swift */,
				014F5B1122CAC20200F03EA3 /* Alerts.swift */,
				014F5B1522CC2AAA00F03EA3 /* NumberFormatter.swift */,
				01F0D97722CEC67E005339AC /* Date.swift */,
				01F0D97D22D0B0C9005339AC /* ActivityIndicator.swift */,
				01143A8722D11E180022AA79 /* UIView.swift */,
				01182EA022D20B57001B9953 /* Array.swift */,
				01515C1722DE90C200811E7F /* TextView.swift */,
				012C0252235267EE00CA22C8 /* ImpactFeedbackGenerator.swift */,
				011528022354CC6200E8A33B /* ProgressBar.swift */,
				011528192365F3BF00E8A33B /* UInt.swift */,
			);
			path = Extensions;
			sourceTree = "<group>";
		};
		0317DAA746152842C4FF4031 /* Frameworks */ = {
			isa = PBXGroup;
			children = (
				C3991C8A2AA16FCC62659431 /* Pods_PwLocker.framework */,
			);
			name = Frameworks;
			sourceTree = "<group>";
		};
		06BA759EAB856D76D1CE9449 /* Pods */ = {
			isa = PBXGroup;
			children = (
				77073376C7AA5A2F53B4A3F1 /* Pods-PwLocker.debug.xcconfig */,
				BE181B79CE1F396C7A2F8F76 /* Pods-PwLocker.release.xcconfig */,
			);
			path = Pods;
			sourceTree = "<group>";
		};
/* End PBXGroup section */

/* Begin PBXNativeTarget section */
		0158B65822C2293F00BE425E /* PwLocker */ = {
			isa = PBXNativeTarget;
			buildConfigurationList = 0158B66B22C2293F00BE425E /* Build configuration list for PBXNativeTarget "PwLocker" */;
			buildPhases = (
				64AD574926EAEE29BB017C92 /* [CP] Check Pods Manifest.lock */,
				0158B65522C2293F00BE425E /* Sources */,
				0158B65622C2293F00BE425E /* Frameworks */,
				0158B65722C2293F00BE425E /* Resources */,
				49BF10638E511FBF32D8D376 /* [CP] Embed Pods Frameworks */,
			);
			buildRules = (
			);
			dependencies = (
			);
			name = PwLocker;
			productName = PwLocker;
			productReference = 0158B65922C2293F00BE425E /* PwLocker.app */;
			productType = "com.apple.product-type.application";
		};
/* End PBXNativeTarget section */

/* Begin PBXProject section */
		0158B65122C2293F00BE425E /* Project object */ = {
			isa = PBXProject;
			attributes = {
				LastSwiftUpdateCheck = 1020;
				LastUpgradeCheck = 1020;
				ORGANIZATIONNAME = Tavares;
				TargetAttributes = {
					0158B65822C2293F00BE425E = {
						CreatedOnToolsVersion = 10.2.1;
						SystemCapabilities = {
							com.apple.ApplicationGroups.iOS = {
								enabled = 0;
							};
							com.apple.BackgroundModes = {
								enabled = 0;
							};
							com.apple.DataProtection = {
								enabled = 1;
							};
							com.apple.Keychain = {
								enabled = 1;
							};
						};
					};
				};
			};
			buildConfigurationList = 0158B65422C2293F00BE425E /* Build configuration list for PBXProject "PwLocker" */;
			compatibilityVersion = "Xcode 9.3";
			developmentRegion = en;
			hasScannedForEncodings = 0;
			knownRegions = (
				en,
				Base,
			);
			mainGroup = 0158B65022C2293F00BE425E;
			productRefGroup = 0158B65A22C2293F00BE425E /* Products */;
			projectDirPath = "";
			projectRoot = "";
			targets = (
				0158B65822C2293F00BE425E /* PwLocker */,
			);
		};
/* End PBXProject section */

/* Begin PBXResourcesBuildPhase section */
		0158B65722C2293F00BE425E /* Resources */ = {
			isa = PBXResourcesBuildPhase;
			buildActionMask = 2147483647;
			files = (
				0158B68022C26C6100BE425E /* gemunu-libre.medium.otf in Resources */,
				0158B66422C2293F00BE425E /* Assets.xcassets in Resources */,
				0177D24722E76037001D9DFD /* LaunchScreen.storyboard in Resources */,
				0158B66222C2293F00BE425E /* Main.storyboard in Resources */,
				0158B68122C26C6100BE425E /* gemunu-libre.semibold.otf in Resources */,
			);
			runOnlyForDeploymentPostprocessing = 0;
		};
/* End PBXResourcesBuildPhase section */

/* Begin PBXShellScriptBuildPhase section */
		49BF10638E511FBF32D8D376 /* [CP] Embed Pods Frameworks */ = {
			isa = PBXShellScriptBuildPhase;
			buildActionMask = 2147483647;
			files = (
			);
			inputFileListPaths = (
				"${PODS_ROOT}/Target Support Files/Pods-PwLocker/Pods-PwLocker-frameworks-${CONFIGURATION}-input-files.xcfilelist",
			);
			name = "[CP] Embed Pods Frameworks";
			outputFileListPaths = (
				"${PODS_ROOT}/Target Support Files/Pods-PwLocker/Pods-PwLocker-frameworks-${CONFIGURATION}-output-files.xcfilelist",
			);
			runOnlyForDeploymentPostprocessing = 0;
			shellPath = /bin/sh;
			shellScript = "\"${PODS_ROOT}/Target Support Files/Pods-PwLocker/Pods-PwLocker-frameworks.sh\"\n";
			showEnvVarsInLog = 0;
		};
		64AD574926EAEE29BB017C92 /* [CP] Check Pods Manifest.lock */ = {
			isa = PBXShellScriptBuildPhase;
			buildActionMask = 2147483647;
			files = (
			);
			inputFileListPaths = (
			);
			inputPaths = (
				"${PODS_PODFILE_DIR_PATH}/Podfile.lock",
				"${PODS_ROOT}/Manifest.lock",
			);
			name = "[CP] Check Pods Manifest.lock";
			outputFileListPaths = (
			);
			outputPaths = (
				"$(DERIVED_FILE_DIR)/Pods-PwLocker-checkManifestLockResult.txt",
			);
			runOnlyForDeploymentPostprocessing = 0;
			shellPath = /bin/sh;
			shellScript = "diff \"${PODS_PODFILE_DIR_PATH}/Podfile.lock\" \"${PODS_ROOT}/Manifest.lock\" > /dev/null\nif [ $? != 0 ] ; then\n    # print error to STDERR\n    echo \"error: The sandbox is not in sync with the Podfile.lock. Run 'pod install' or update your CocoaPods installation.\" >&2\n    exit 1\nfi\n# This output is used by Xcode 'outputs' to avoid re-running this script phase.\necho \"SUCCESS\" > \"${SCRIPT_OUTPUT_FILE_0}\"\n";
			showEnvVarsInLog = 0;
		};
/* End PBXShellScriptBuildPhase section */

/* Begin PBXSourcesBuildPhase section */
		0158B65522C2293F00BE425E /* Sources */ = {
			isa = PBXSourcesBuildPhase;
			buildActionMask = 2147483647;
			files = (
				0143C9F923676A9A0082A181 /* HeaderGeneratorTableViewCell.swift in Sources */,
				012C0253235267EE00CA22C8 /* ImpactFeedbackGenerator.swift in Sources */,
				01CCFF0422C95B5E005509E4 /* EmailBreachModel.swift in Sources */,
				014F5B1022CAB7E000F03EA3 /* EmailTableViewCell.swift in Sources */,
				01FE216B22C46D2500BEA529 /* EmailViewController.swift in Sources */,
				01182EA922D2D467001B9953 /* ScanViewController.swift in Sources */,
				01F0D97E22D0B0C9005339AC /* ActivityIndicator.swift in Sources */,
				01E69C6922D409BD00D48542 /* WebsiteObject.swift in Sources */,
				01515C1A22DF855300811E7F /* LoginViewController.swift in Sources */,
				01143A8822D11E180022AA79 /* UIView.swift in Sources */,
				0113187922DCE12E0049A887 /* SaveWebsiteTableViewController.swift in Sources */,
				014F5B1422CC019100F03EA3 /* RangeModel.swift in Sources */,
				01515C2422E0BB6400811E7F /* Encryption.swift in Sources */,
				01182EA122D20B57001B9953 /* Array.swift in Sources */,
				019F6DCA22C6DD6800A05C68 /* WebsiteTableViewCell.swift in Sources */,
				01FE217022C4824500BEA529 /* TextField.swift in Sources */,
				01182EA722D2D41B001B9953 /* WebsitesViewController.swift in Sources */,
				01F1CE08236D7528005AAA45 /* BiometricTableViewCell.swift in Sources */,
				0143C9F623676A4C0082A181 /* GeneratorViewController.swift in Sources */,
				013A0D452370AB6D000347F2 /* BiometricLoginViewController.swift in Sources */,
				011528012353A6A300E8A33B /* BrowserTableViewController.swift in Sources */,
				01FE216D22C470DE00BEA529 /* BreachesViewController.swift in Sources */,
				0158B65D22C2293F00BE425E /* AppDelegate.swift in Sources */,
				01FE216122C2E54F00BEA529 /* LockerViewController.swift in Sources */,
				0119784022DA3EF5003BE37D /* SettingsTableViewCell.swift in Sources */,
				01FE216922C46D1400BEA529 /* PasswordViewController.swift in Sources */,
				0143C9FD23676ABD0082A181 /* CharactersGeneratorTableViewCell.swift in Sources */,
				0143C9FB23676AAC0082A181 /* SliderGeneratorTableViewCell.swift in Sources */,
				01CCFF0222C95A40005509E4 /* EmailService.swift in Sources */,
				019F6DCC22C6EE2900A05C68 /* String.swift in Sources */,
				0138B0F1234893F70013A075 /* HeaderScanTableViewCell.swift in Sources */,
				0115281A2365F3BF00E8A33B /* UInt.swift in Sources */,
				0113187B22DCEC110049A887 /* DetailWebsiteTableViewController.swift in Sources */,
				01FE216522C2E57F00BEA529 /* SettingsViewController.swift in Sources */,
				01515C1822DE90C200811E7F /* TextView.swift in Sources */,
				01CCFEF722C94F48005509E4 /* PasswordService.swift in Sources */,
				01F0D97822CEC67E005339AC /* Date.swift in Sources */,
				011528032354CC6200E8A33B /* ProgressBar.swift in Sources */,
				014F5B1622CC2AAA00F03EA3 /* NumberFormatter.swift in Sources */,
				0119784422DA9EC2003BE37D /* HeaderSettingTableViewCell.swift in Sources */,
				01F1CE0A236DCCAE005AAA45 /* ChangeMasterKeyTableViewController.swift in Sources */,
				0119784222DA635D003BE37D /* DeleteAllViewController.swift in Sources */,
				01182EA322D25C5B001B9953 /* XMLParser.swift in Sources */,
				0113187F22DD434F0049A887 /* HeaderEmailTableViewCell.swift in Sources */,
				019F6DCE22C718F900A05C68 /* NewsViewController.swift in Sources */,
				014F5B1222CAC20200F03EA3 /* Alerts.swift in Sources */,
				014F5B0E22C9A66A00F03EA3 /* NewsTableViewCell.swift in Sources */,
				0138B0F3234895940013A075 /* LowSecureTableViewCell.swift in Sources */,
				01F1CE06236D74EC005AAA45 /* BiometricSettingsViewController.swift in Sources */,
				011528182360CE6900E8A33B /* AutoLockTableViewController.swift in Sources */,
			);
			runOnlyForDeploymentPostprocessing = 0;
		};
/* End PBXSourcesBuildPhase section */

/* Begin PBXVariantGroup section */
		0158B66022C2293F00BE425E /* Main.storyboard */ = {
			isa = PBXVariantGroup;
			children = (
				0158B66122C2293F00BE425E /* Base */,
			);
			name = Main.storyboard;
			sourceTree = "<group>";
		};
/* End PBXVariantGroup section */

/* Begin XCBuildConfiguration section */
		0158B66922C2293F00BE425E /* Debug */ = {
			isa = XCBuildConfiguration;
			buildSettings = {
				ALWAYS_SEARCH_USER_PATHS = NO;
				CLANG_ANALYZER_NONNULL = YES;
				CLANG_ANALYZER_NUMBER_OBJECT_CONVERSION = YES_AGGRESSIVE;
				CLANG_CXX_LANGUAGE_STANDARD = "gnu++14";
				CLANG_CXX_LIBRARY = "libc++";
				CLANG_ENABLE_MODULES = YES;
				CLANG_ENABLE_OBJC_ARC = YES;
				CLANG_ENABLE_OBJC_WEAK = YES;
				CLANG_WARN_BLOCK_CAPTURE_AUTORELEASING = YES;
				CLANG_WARN_BOOL_CONVERSION = YES;
				CLANG_WARN_COMMA = YES;
				CLANG_WARN_CONSTANT_CONVERSION = YES;
				CLANG_WARN_DEPRECATED_OBJC_IMPLEMENTATIONS = YES;
				CLANG_WARN_DIRECT_OBJC_ISA_USAGE = YES_ERROR;
				CLANG_WARN_DOCUMENTATION_COMMENTS = YES;
				CLANG_WARN_EMPTY_BODY = YES;
				CLANG_WARN_ENUM_CONVERSION = YES;
				CLANG_WARN_INFINITE_RECURSION = YES;
				CLANG_WARN_INT_CONVERSION = YES;
				CLANG_WARN_NON_LITERAL_NULL_CONVERSION = YES;
				CLANG_WARN_OBJC_IMPLICIT_RETAIN_SELF = YES;
				CLANG_WARN_OBJC_LITERAL_CONVERSION = YES;
				CLANG_WARN_OBJC_ROOT_CLASS = YES_ERROR;
				CLANG_WARN_RANGE_LOOP_ANALYSIS = YES;
				CLANG_WARN_STRICT_PROTOTYPES = YES;
				CLANG_WARN_SUSPICIOUS_MOVE = YES;
				CLANG_WARN_UNGUARDED_AVAILABILITY = YES_AGGRESSIVE;
				CLANG_WARN_UNREACHABLE_CODE = YES;
				CLANG_WARN__DUPLICATE_METHOD_MATCH = YES;
				CODE_SIGN_IDENTITY = "iPhone Developer";
				COPY_PHASE_STRIP = NO;
				DEBUG_INFORMATION_FORMAT = dwarf;
				ENABLE_STRICT_OBJC_MSGSEND = YES;
				ENABLE_TESTABILITY = YES;
				GCC_C_LANGUAGE_STANDARD = gnu11;
				GCC_DYNAMIC_NO_PIC = NO;
				GCC_NO_COMMON_BLOCKS = YES;
				GCC_OPTIMIZATION_LEVEL = 0;
				GCC_PREPROCESSOR_DEFINITIONS = (
					"DEBUG=1",
					"$(inherited)",
				);
				GCC_WARN_64_TO_32_BIT_CONVERSION = YES;
				GCC_WARN_ABOUT_RETURN_TYPE = YES_ERROR;
				GCC_WARN_UNDECLARED_SELECTOR = YES;
				GCC_WARN_UNINITIALIZED_AUTOS = YES_AGGRESSIVE;
				GCC_WARN_UNUSED_FUNCTION = YES;
				GCC_WARN_UNUSED_VARIABLE = YES;
				IPHONEOS_DEPLOYMENT_TARGET = 12.2;
				MTL_ENABLE_DEBUG_INFO = INCLUDE_SOURCE;
				MTL_FAST_MATH = YES;
				ONLY_ACTIVE_ARCH = YES;
				SDKROOT = iphoneos;
				SWIFT_ACTIVE_COMPILATION_CONDITIONS = DEBUG;
				SWIFT_OPTIMIZATION_LEVEL = "-Onone";
			};
			name = Debug;
		};
		0158B66A22C2293F00BE425E /* Release */ = {
			isa = XCBuildConfiguration;
			buildSettings = {
				ALWAYS_SEARCH_USER_PATHS = NO;
				CLANG_ANALYZER_NONNULL = YES;
				CLANG_ANALYZER_NUMBER_OBJECT_CONVERSION = YES_AGGRESSIVE;
				CLANG_CXX_LANGUAGE_STANDARD = "gnu++14";
				CLANG_CXX_LIBRARY = "libc++";
				CLANG_ENABLE_MODULES = YES;
				CLANG_ENABLE_OBJC_ARC = YES;
				CLANG_ENABLE_OBJC_WEAK = YES;
				CLANG_WARN_BLOCK_CAPTURE_AUTORELEASING = YES;
				CLANG_WARN_BOOL_CONVERSION = YES;
				CLANG_WARN_COMMA = YES;
				CLANG_WARN_CONSTANT_CONVERSION = YES;
				CLANG_WARN_DEPRECATED_OBJC_IMPLEMENTATIONS = YES;
				CLANG_WARN_DIRECT_OBJC_ISA_USAGE = YES_ERROR;
				CLANG_WARN_DOCUMENTATION_COMMENTS = YES;
				CLANG_WARN_EMPTY_BODY = YES;
				CLANG_WARN_ENUM_CONVERSION = YES;
				CLANG_WARN_INFINITE_RECURSION = YES;
				CLANG_WARN_INT_CONVERSION = YES;
				CLANG_WARN_NON_LITERAL_NULL_CONVERSION = YES;
				CLANG_WARN_OBJC_IMPLICIT_RETAIN_SELF = YES;
				CLANG_WARN_OBJC_LITERAL_CONVERSION = YES;
				CLANG_WARN_OBJC_ROOT_CLASS = YES_ERROR;
				CLANG_WARN_RANGE_LOOP_ANALYSIS = YES;
				CLANG_WARN_STRICT_PROTOTYPES = YES;
				CLANG_WARN_SUSPICIOUS_MOVE = YES;
				CLANG_WARN_UNGUARDED_AVAILABILITY = YES_AGGRESSIVE;
				CLANG_WARN_UNREACHABLE_CODE = YES;
				CLANG_WARN__DUPLICATE_METHOD_MATCH = YES;
				CODE_SIGN_IDENTITY = "iPhone Developer";
				COPY_PHASE_STRIP = NO;
				DEBUG_INFORMATION_FORMAT = "dwarf-with-dsym";
				ENABLE_NS_ASSERTIONS = NO;
				ENABLE_STRICT_OBJC_MSGSEND = YES;
				GCC_C_LANGUAGE_STANDARD = gnu11;
				GCC_NO_COMMON_BLOCKS = YES;
				GCC_WARN_64_TO_32_BIT_CONVERSION = YES;
				GCC_WARN_ABOUT_RETURN_TYPE = YES_ERROR;
				GCC_WARN_UNDECLARED_SELECTOR = YES;
				GCC_WARN_UNINITIALIZED_AUTOS = YES_AGGRESSIVE;
				GCC_WARN_UNUSED_FUNCTION = YES;
				GCC_WARN_UNUSED_VARIABLE = YES;
				IPHONEOS_DEPLOYMENT_TARGET = 12.2;
				MTL_ENABLE_DEBUG_INFO = NO;
				MTL_FAST_MATH = YES;
				SDKROOT = iphoneos;
				SWIFT_COMPILATION_MODE = wholemodule;
				SWIFT_OPTIMIZATION_LEVEL = "-O";
				VALIDATE_PRODUCT = YES;
			};
			name = Release;
		};
		0158B66C22C2293F00BE425E /* Debug */ = {
			isa = XCBuildConfiguration;
			baseConfigurationReference = 77073376C7AA5A2F53B4A3F1 /* Pods-PwLocker.debug.xcconfig */;
			buildSettings = {
				ASSETCATALOG_COMPILER_APPICON_NAME = AppIcon;
				CODE_SIGN_ENTITLEMENTS = PwLocker/PwLocker.entitlements;
				CODE_SIGN_STYLE = Automatic;
				DEVELOPMENT_TEAM = YTYTL62S3W;
				INFOPLIST_FILE = "$(SRCROOT)/PwLocker/Supporting Files/Info.plist";
				LD_RUNPATH_SEARCH_PATHS = (
					"$(inherited)",
					"@executable_path/Frameworks",
				);
				PRODUCT_BUNDLE_IDENTIFIER = "Mac-Hack.PwLocker";
				PRODUCT_NAME = "$(TARGET_NAME)";
				SWIFT_OBJC_BRIDGING_HEADER = CheckMarkHeader.h;
				SWIFT_VERSION = 5.0;
				TARGETED_DEVICE_FAMILY = 1;
			};
			name = Debug;
		};
		0158B66D22C2293F00BE425E /* Release */ = {
			isa = XCBuildConfiguration;
			baseConfigurationReference = BE181B79CE1F396C7A2F8F76 /* Pods-PwLocker.release.xcconfig */;
			buildSettings = {
				ASSETCATALOG_COMPILER_APPICON_NAME = AppIcon;
				CODE_SIGN_ENTITLEMENTS = PwLocker/PwLocker.entitlements;
				CODE_SIGN_STYLE = Automatic;
				DEVELOPMENT_TEAM = YTYTL62S3W;
				INFOPLIST_FILE = "$(SRCROOT)/PwLocker/Supporting Files/Info.plist";
				LD_RUNPATH_SEARCH_PATHS = (
					"$(inherited)",
					"@executable_path/Frameworks",
				);
				PRODUCT_BUNDLE_IDENTIFIER = "Mac-Hack.PwLocker";
				PRODUCT_NAME = "$(TARGET_NAME)";
				SWIFT_OBJC_BRIDGING_HEADER = CheckMarkHeader.h;
				SWIFT_VERSION = 5.0;
				TARGETED_DEVICE_FAMILY = 1;
			};
			name = Release;
		};
/* End XCBuildConfiguration section */

/* Begin XCConfigurationList section */
		0158B65422C2293F00BE425E /* Build configuration list for PBXProject "PwLocker" */ = {
			isa = XCConfigurationList;
			buildConfigurations = (
				0158B66922C2293F00BE425E /* Debug */,
				0158B66A22C2293F00BE425E /* Release */,
			);
			defaultConfigurationIsVisible = 0;
			defaultConfigurationName = Release;
		};
		0158B66B22C2293F00BE425E /* Build configuration list for PBXNativeTarget "PwLocker" */ = {
			isa = XCConfigurationList;
			buildConfigurations = (
				0158B66C22C2293F00BE425E /* Debug */,
				0158B66D22C2293F00BE425E /* Release */,
			);
			defaultConfigurationIsVisible = 0;
			defaultConfigurationName = Release;
		};
/* End XCConfigurationList section */
	};
	rootObject = 0158B65122C2293F00BE425E /* Project object */;
}
